// !$*UTF8*$!
{
	archiveVersion = 1;
	classes = {
	};
	objectVersion = 50;
	objects = {

/* Begin PBXBuildFile section */
		A555CD9B223BF49C00EBBE6D /* AppDelegate.swift in Sources */ = {isa = PBXBuildFile; fileRef = A555CD9A223BF49C00EBBE6D /* AppDelegate.swift */; };
		A555CD9D223BF49C00EBBE6D /* MasterViewController.swift in Sources */ = {isa = PBXBuildFile; fileRef = A555CD9C223BF49C00EBBE6D /* MasterViewController.swift */; };
		A555CD9F223BF49C00EBBE6D /* ImagePresentationVC.swift in Sources */ = {isa = PBXBuildFile; fileRef = A555CD9E223BF49C00EBBE6D /* ImagePresentationVC.swift */; };
		A555CDA2223BF49C00EBBE6D /* Main.storyboard in Resources */ = {isa = PBXBuildFile; fileRef = A555CDA0223BF49C00EBBE6D /* Main.storyboard */; };
		A555CDA4223BF49D00EBBE6D /* Assets.xcassets in Resources */ = {isa = PBXBuildFile; fileRef = A555CDA3223BF49D00EBBE6D /* Assets.xcassets */; };
		A555CDA7223BF49D00EBBE6D /* LaunchScreen.storyboard in Resources */ = {isa = PBXBuildFile; fileRef = A555CDA5223BF49D00EBBE6D /* LaunchScreen.storyboard */; };
		A563CF8E223BF67B003609A6 /* ImagesAndNamesAndColors.swift in Sources */ = {isa = PBXBuildFile; fileRef = A563CF8D223BF67B003609A6 /* ImagesAndNamesAndColors.swift */; };
/* End PBXBuildFile section */

/* Begin PBXFileReference section */
		A555CD97223BF49C00EBBE6D /* splitter.app */ = {isa = PBXFileReference; explicitFileType = wrapper.application; includeInIndex = 0; path = splitter.app; sourceTree = BUILT_PRODUCTS_DIR; };
		A555CD9A223BF49C00EBBE6D /* AppDelegate.swift */ = {isa = PBXFileReference; lastKnownFileType = sourcecode.swift; path = AppDelegate.swift; sourceTree = "<group>"; };
		A555CD9C223BF49C00EBBE6D /* MasterViewController.swift */ = {isa = PBXFileReference; lastKnownFileType = sourcecode.swift; path = MasterViewController.swift; sourceTree = "<group>"; };
		A555CD9E223BF49C00EBBE6D /* ImagePresentationVC.swift */ = {isa = PBXFileReference; lastKnownFileType = sourcecode.swift; path = ImagePresentationVC.swift; sourceTree = "<group>"; };
		A555CDA1223BF49C00EBBE6D /* Base */ = {isa = PBXFileReference; lastKnownFileType = file.storyboard; name = Base; path = Base.lproj/Main.storyboard; sourceTree = "<group>"; };
		A555CDA3223BF49D00EBBE6D /* Assets.xcassets */ = {isa = PBXFileReference; lastKnownFileType = folder.assetcatalog; path = Assets.xcassets; sourceTree = "<group>"; };
		A555CDA6223BF49D00EBBE6D /* Base */ = {isa = PBXFileReference; lastKnownFileType = file.storyboard; name = Base; path = Base.lproj/LaunchScreen.storyboard; sourceTree = "<group>"; };
		A555CDA8223BF49D00EBBE6D /* Info.plist */ = {isa = PBXFileReference; lastKnownFileType = text.plist.xml; path = Info.plist; sourceTree = "<group>"; };
		A563CF8D223BF67B003609A6 /* ImagesAndNamesAndColors.swift */ = {isa = PBXFileReference; lastKnownFileType = sourcecode.swift; path = ImagesAndNamesAndColors.swift; sourceTree = "<group>"; };
/* End PBXFileReference section */

/* Begin PBXFrameworksBuildPhase section */
		A555CD94223BF49C00EBBE6D /* Frameworks */ = {
			isa = PBXFrameworksBuildPhase;
			buildActionMask = 2147483647;
			files = (
			);
			runOnlyForDeploymentPostprocessing = 0;
		};
/* End PBXFrameworksBuildPhase section */

/* Begin PBXGroup section */
		A555CD8E223BF49C00EBBE6D = {
			isa = PBXGroup;
			children = (
				A555CD99223BF49C00EBBE6D /* splitter */,
				A555CD98223BF49C00EBBE6D /* Products */,
			);
			sourceTree = "<group>";
		};
		A555CD98223BF49C00EBBE6D /* Products */ = {
			isa = PBXGroup;
			children = (
				A555CD97223BF49C00EBBE6D /* splitter.app */,
			);
			name = Products;
			sourceTree = "<group>";
		};
		A555CD99223BF49C00EBBE6D /* splitter */ = {
			isa = PBXGroup;
			children = (
				A555CD9A223BF49C00EBBE6D /* AppDelegate.swift */,
				A555CD9C223BF49C00EBBE6D /* MasterViewController.swift */,
				A555CD9E223BF49C00EBBE6D /* ImagePresentationVC.swift */,
				A555CDA0223BF49C00EBBE6D /* Main.storyboard */,
				A555CDA3223BF49D00EBBE6D /* Assets.xcassets */,
				A555CDA5223BF49D00EBBE6D /* LaunchScreen.storyboard */,
				A555CDA8223BF49D00EBBE6D /* Info.plist */,
				A563CF8D223BF67B003609A6 /* ImagesAndNamesAndColors.swift */,
			);
			path = splitter;
			sourceTree = "<group>";
		};
/* End PBXGroup section */

/* Begin PBXNativeTarget section */
		A555CD96223BF49C00EBBE6D /* splitter */ = {
			isa = PBXNativeTarget;
			buildConfigurationList = A555CDAB223BF49D00EBBE6D /* Build configuration list for PBXNativeTarget "splitter" */;
			buildPhases = (
				A555CD93223BF49C00EBBE6D /* Sources */,
				A555CD94223BF49C00EBBE6D /* Frameworks */,
				A555CD95223BF49C00EBBE6D /* Resources */,
			);
			buildRules = (
			);
			dependencies = (
			);
			name = splitter;
			productName = splitter;
			productReference = A555CD97223BF49C00EBBE6D /* splitter.app */;
			productType = "com.apple.product-type.application";
		};
/* End PBXNativeTarget section */

/* Begin PBXProject section */
		A555CD8F223BF49C00EBBE6D /* Project object */ = {
			isa = PBXProject;
			attributes = {
				LastSwiftUpdateCheck = 1010;
				LastUpgradeCheck = 1010;
				ORGANIZATIONNAME = "Sergey Neupokoev";
				TargetAttributes = {
					A555CD96223BF49C00EBBE6D = {
						CreatedOnToolsVersion = 10.1;
					};
				};
			};
			buildConfigurationList = A555CD92223BF49C00EBBE6D /* Build configuration list for PBXProject "splitter" */;
			compatibilityVersion = "Xcode 9.3";
			developmentRegion = en;
			hasScannedForEncodings = 0;
			knownRegions = (
				en,
				Base,
			);
			mainGroup = A555CD8E223BF49C00EBBE6D;
			productRefGroup = A555CD98223BF49C00EBBE6D /* Products */;
			projectDirPath = "";
			projectRoot = "";
			targets = (
				A555CD96223BF49C00EBBE6D /* splitter */,
			);
		};
/* End PBXProject section */

/* Begin PBXResourcesBuildPhase section */
		A555CD95223BF49C00EBBE6D /* Resources */ = {
			isa = PBXResourcesBuildPhase;
			buildActionMask = 2147483647;
			files = (
				A555CDA7223BF49D00EBBE6D /* LaunchScreen.storyboard in Resources */,
				A555CDA4223BF49D00EBBE6D /* Assets.xcassets in Resources */,
				A555CDA2223BF49C00EBBE6D /* Main.storyboard in Resources */,
			);
			runOnlyForDeploymentPostprocessing = 0;
		};
/* End PBXResourcesBuildPhase section */

/* Begin PBXSourcesBuildPhase section */
		A555CD93223BF49C00EBBE6D /* Sources */ = {
			isa = PBXSourcesBuildPhase;
			buildActionMask = 2147483647;
			files = (
				A555CD9F223BF49C00EBBE6D /* ImagePresentationVC.swift in Sources */,
				A555CD9D223BF49C00EBBE6D /* MasterViewController.swift in Sources */,
				A563CF8E223BF67B003609A6 /* ImagesAndNamesAndColors.swift in Sources */,
				A555CD9B223BF49C00EBBE6D /* AppDelegate.swift in Sources */,
			);
			runOnlyForDeploymentPostprocessing = 0;
		};
/* End PBXSourcesBuildPhase section */

/* Begin PBXVariantGroup section */
		A555CDA0223BF49C00EBBE6D /* Main.storyboard */ = {
			isa = PBXVariantGroup;
			children = (
				A555CDA1223BF49C00EBBE6D /* Base */,
			);
			name = Main.storyboard;
			sourceTree = "<group>";
		};
		A555CDA5223BF49D00EBBE6D /* LaunchScreen.storyboard */ = {
			isa = PBXVariantGroup;
			children = (
				A555CDA6223BF49D00EBBE6D /* Base */,
			);
			name = LaunchScreen.storyboard;
			sourceTree = "<group>";
		};
/* End PBXVariantGroup section */

/* Begin XCBuildConfiguration section */
		A555CDA9223BF49D00EBBE6D /* Debug */ = {
			isa = XCBuildConfiguration;
			buildSettings = {
				ALWAYS_SEARCH_USER_PATHS = NO;
				CLANG_ANALYZER_NONNULL = YES;
				CLANG_ANALYZER_NUMBER_OBJECT_CONVERSION = YES_AGGRESSIVE;
				CLANG_CXX_LANGUAGE_STANDARD = "gnu++14";
				CLANG_CXX_LIBRARY = "libc++";
				CLANG_ENABLE_MODULES = YES;
				CLANG_ENABLE_OBJC_ARC = YES;
				CLANG_ENABLE_OBJC_WEAK = YES;
				CLANG_WARN_BLOCK_CAPTURE_AUTORELEASING = YES;
				CLANG_WARN_BOOL_CONVERSION = YES;
				CLANG_WARN_COMMA = YES;
				CLANG_WARN_CONSTANT_CONVERSION = YES;
				CLANG_WARN_DEPRECATED_OBJC_IMPLEMENTATIONS = YES;
				CLANG_WARN_DIRECT_OBJC_ISA_USAGE = YES_ERROR;
				CLANG_WARN_DOCUMENTATION_COMMENTS = YES;
				CLANG_WARN_EMPTY_BODY = YES;
				CLANG_WARN_ENUM_CONVERSION = YES;
				CLANG_WARN_INFINITE_RECURSION = YES;
				CLANG_WARN_INT_CONVERSION = YES;
				CLANG_WARN_NON_LITERAL_NULL_CONVERSION = YES;
				CLANG_WARN_OBJC_IMPLICIT_RETAIN_SELF = YES;
				CLANG_WARN_OBJC_LITERAL_CONVERSION = YES;
				CLANG_WARN_OBJC_ROOT_CLASS = YES_ERROR;
				CLANG_WARN_RANGE_LOOP_ANALYSIS = YES;
				CLANG_WARN_STRICT_PROTOTYPES = YES;
				CLANG_WARN_SUSPICIOUS_MOVE = YES;
				CLANG_WARN_UNGUARDED_AVAILABILITY = YES_AGGRESSIVE;
				CLANG_WARN_UNREACHABLE_CODE = YES;
				CLANG_WARN__DUPLICATE_METHOD_MATCH = YES;
				CODE_SIGN_IDENTITY = "iPhone Developer";
				COPY_PHASE_STRIP = NO;
				DEBUG_INFORMATION_FORMAT = dwarf;
				ENABLE_STRICT_OBJC_MSGSEND = YES;
				ENABLE_TESTABILITY = YES;
				GCC_C_LANGUAGE_STANDARD = gnu11;
				GCC_DYNAMIC_NO_PIC = NO;
				GCC_NO_COMMON_BLOCKS = YES;
				GCC_OPTIMIZATION_LEVEL = 0;
				GCC_PREPROCESSOR_DEFINITIONS = (
					"DEBUG=1",
					"$(inherited)",
				);
				GCC_WARN_64_TO_32_BIT_CONVERSION = YES;
				GCC_WARN_ABOUT_RETURN_TYPE = YES_ERROR;
				GCC_WARN_UNDECLARED_SELECTOR = YES;
				GCC_WARN_UNINITIALIZED_AUTOS = YES_AGGRESSIVE;
				GCC_WARN_UNUSED_FUNCTION = YES;
				GCC_WARN_UNUSED_VARIABLE = YES;
				IPHONEOS_DEPLOYMENT_TARGET = 12.1;
				MTL_ENABLE_DEBUG_INFO = INCLUDE_SOURCE;
				MTL_FAST_MATH = YES;
				ONLY_ACTIVE_ARCH = YES;
				SDKROOT = iphoneos;
				SWIFT_ACTIVE_COMPILATION_CONDITIONS = DEBUG;
				SWIFT_OPTIMIZATION_LEVEL = "-Onone";
			};
			name = Debug;
		};
		A555CDAA223BF49D00EBBE6D /* Release */ = {
			isa = XCBuildConfiguration;
			buildSettings = {
				ALWAYS_SEARCH_USER_PATHS = NO;
				CLANG_ANALYZER_NONNULL = YES;
				CLANG_ANALYZER_NUMBER_OBJECT_CONVERSION = YES_AGGRESSIVE;
				CLANG_CXX_LANGUAGE_STANDARD = "gnu++14";
				CLANG_CXX_LIBRARY = "libc++";
				CLANG_ENABLE_MODULES = YES;
				CLANG_ENABLE_OBJC_ARC = YES;
				CLANG_ENABLE_OBJC_WEAK = YES;
				CLANG_WARN_BLOCK_CAPTURE_AUTORELEASING = YES;
				CLANG_WARN_BOOL_CONVERSION = YES;
				CLANG_WARN_COMMA = YES;
				CLANG_WARN_CONSTANT_CONVERSION = YES;
				CLANG_WARN_DEPRECATED_OBJC_IMPLEMENTATIONS = YES;
				CLANG_WARN_DIRECT_OBJC_ISA_USAGE = YES_ERROR;
				CLANG_WARN_DOCUMENTATION_COMMENTS = YES;
				CLANG_WARN_EMPTY_BODY = YES;
				CLANG_WARN_ENUM_CONVERSION = YES;
				CLANG_WARN_INFINITE_RECURSION = YES;
				CLANG_WARN_INT_CONVERSION = YES;
				CLANG_WARN_NON_LITERAL_NULL_CONVERSION = YES;
				CLANG_WARN_OBJC_IMPLICIT_RETAIN_SELF = YES;
				CLANG_WARN_OBJC_LITERAL_CONVERSION = YES;
				CLANG_WARN_OBJC_ROOT_CLASS = YES_ERROR;
				CLANG_WARN_RANGE_LOOP_ANALYSIS = YES;
				CLANG_WARN_STRICT_PROTOTYPES = YES;
				CLANG_WARN_SUSPICIOUS_MOVE = YES;
				CLANG_WARN_UNGUARDED_AVAILABILITY = YES_AGGRESSIVE;
				CLANG_WARN_UNREACHABLE_CODE = YES;
				CLANG_WARN__DUPLICATE_METHOD_MATCH = YES;
				CODE_SIGN_IDENTITY = "iPhone Developer";
				COPY_PHASE_STRIP = NO;
				DEBUG_INFORMATION_FORMAT = "dwarf-with-dsym";
				ENABLE_NS_ASSERTIONS = NO;
				ENABLE_STRICT_OBJC_MSGSEND = YES;
				GCC_C_LANGUAGE_STANDARD = gnu11;
				GCC_NO_COMMON_BLOCKS = YES;
				GCC_WARN_64_TO_32_BIT_CONVERSION = YES;
				GCC_WARN_ABOUT_RETURN_TYPE = YES_ERROR;
				GCC_WARN_UNDECLARED_SELECTOR = YES;
				GCC_WARN_UNINITIALIZED_AUTOS = YES_AGGRESSIVE;
				GCC_WARN_UNUSED_FUNCTION = YES;
				GCC_WARN_UNUSED_VARIABLE = YES;
				IPHONEOS_DEPLOYMENT_TARGET = 12.1;
				MTL_ENABLE_DEBUG_INFO = NO;
				MTL_FAST_MATH = YES;
				SDKROOT = iphoneos;
				SWIFT_COMPILATION_MODE = wholemodule;
				SWIFT_OPTIMIZATION_LEVEL = "-O";
				VALIDATE_PRODUCT = YES;
			};
			name = Release;
		};
		A555CDAC223BF49D00EBBE6D /* Debug */ = {
			isa = XCBuildConfiguration;
			buildSettings = {
				ASSETCATALOG_COMPILER_APPICON_NAME = AppIcon;
				CODE_SIGN_STYLE = Automatic;
				DEVELOPMENT_TEAM = 4Y32W65SMG;
				INFOPLIST_FILE = splitter/Info.plist;
				LD_RUNPATH_SEARCH_PATHS = (
					"$(inherited)",
					"@executable_path/Frameworks",
				);
				PRODUCT_BUNDLE_IDENTIFIER = X3.splitter;
				PRODUCT_NAME = "$(TARGET_NAME)";
				SWIFT_VERSION = 4.2;
				TARGETED_DEVICE_FAMILY = "1,2";
			};
			name = Debug;
		};
		A555CDAD223BF49D00EBBE6D /* Release */ = {
			isa = XCBuildConfiguration;
			buildSettings = {
				ASSETCATALOG_COMPILER_APPICON_NAME = AppIcon;
				CODE_SIGN_STYLE = Automatic;
				DEVELOPMENT_TEAM = 4Y32W65SMG;
				INFOPLIST_FILE = splitter/Info.plist;
				LD_RUNPATH_SEARCH_PATHS = (
					"$(inherited)",
					"@executable_path/Frameworks",
				);
				PRODUCT_BUNDLE_IDENTIFIER = X3.splitter;
				PRODUCT_NAME = "$(TARGET_NAME)";
				SWIFT_VERSION = 4.2;
				TARGETED_DEVICE_FAMILY = "1,2";
			};
			name = Release;
		};
/* End XCBuildConfiguration section */

/* Begin XCConfigurationList section */
		A555CD92223BF49C00EBBE6D /* Build configuration list for PBXProject "splitter" */ = {
			isa = XCConfigurationList;
			buildConfigurations = (
				A555CDA9223BF49D00EBBE6D /* Debug */,
				A555CDAA223BF49D00EBBE6D /* Release */,
			);
			defaultConfigurationIsVisible = 0;
			defaultConfigurationName = Release;
		};
		A555CDAB223BF49D00EBBE6D /* Build configuration list for PBXNativeTarget "splitter" */ = {
			isa = XCConfigurationList;
			buildConfigurations = (
				A555CDAC223BF49D00EBBE6D /* Debug */,
				A555CDAD223BF49D00EBBE6D /* Release */,
			);
			defaultConfigurationIsVisible = 0;
			defaultConfigurationName = Release;
		};
/* End XCConfigurationList section */
	};
	rootObject = A555CD8F223BF49C00EBBE6D /* Project object */;
}
